PODS:
  - Kingfisher (5.15.1):
    - Kingfisher/Core (= 5.15.1)
  - Kingfisher/Core (5.15.1)
  - YoutubeDirectLinkExtractor (0.3.1)

DEPENDENCIES:
  - Kingfisher (~> 5.0)
  - YoutubeDirectLinkExtractor

SPEC REPOS:
  trunk:
    - Kingfisher
    - YoutubeDirectLinkExtractor

SPEC CHECKSUMS:
  Kingfisher: 3260a05e78a17fdbeb2f14dd8e66ffc768491231
  YoutubeDirectLinkExtractor: de7abd36c0e3bb120b9b372f36450fbf9b51c01e

PODFILE CHECKSUM: 08844e0e43eda1372aae48e4e04a3c7da8dbdabe

COCOAPODS: 1.9.3
